
Microsoft Visual Studio Solution File, Format Version 12.00
Project("{F2A71F9B-5D33-465A-A702-920D77279786}") = "Day7", "Day7\Day7.fsproj", "{8E741748-EBA6-43A6-87F3-386828F3EC51}"
EndProject
Global
	GlobalSection(SolutionConfigurationPlatforms) = preSolution
		Debug|Any CPU = Debug|Any CPU
		Release|Any CPU = Release|Any CPU
	EndGlobalSection
	GlobalSection(ProjectConfigurationPlatforms) = postSolution
		{8E741748-EBA6-43A6-87F3-386828F3EC51}.Debug|Any CPU.ActiveCfg = Debug|Any CPU
		{8E741748-EBA6-43A6-87F3-386828F3EC51}.Debug|Any CPU.Build.0 = Debug|Any CPU
		{8E741748-EBA6-43A6-87F3-386828F3EC51}.Release|Any CPU.ActiveCfg = Release|Any CPU
		{8E741748-EBA6-43A6-87F3-386828F3EC51}.Release|Any CPU.Build.0 = Release|Any CPU
	EndGlobalSection
EndGlobal
