
Microsoft Visual Studio Solution File, Format Version 12.00
Project("{F2A71F9B-5D33-465A-A702-920D77279786}") = "Day7", "Day7\Day7.fsproj", "{8E741748-EBA6-43A6-87F3-386828F3EC51}"
EndProject
Project("{F2A71F9B-5D33-465A-A702-920D77279786}") = "Day6", "Day6\Day6.fsproj", "{3F595718-A6F7-4681-89D3-BFAE39243809}"
EndProject
Project("{F2A71F9B-5D33-465A-A702-920D77279786}") = "Day8", "Day8\Day8.fsproj", "{A320F1E6-CB51-43CE-80DF-1B3255BFC1A6}"
EndProject
Global
	GlobalSection(SolutionConfigurationPlatforms) = preSolution
		Debug|Any CPU = Debug|Any CPU
		Release|Any CPU = Release|Any CPU
	EndGlobalSection
	GlobalSection(ProjectConfigurationPlatforms) = postSolution
		{8E741748-EBA6-43A6-87F3-386828F3EC51}.Debug|Any CPU.ActiveCfg = Debug|Any CPU
		{8E741748-EBA6-43A6-87F3-386828F3EC51}.Debug|Any CPU.Build.0 = Debug|Any CPU
		{8E741748-EBA6-43A6-87F3-386828F3EC51}.Release|Any CPU.ActiveCfg = Release|Any CPU
		{8E741748-EBA6-43A6-87F3-386828F3EC51}.Release|Any CPU.Build.0 = Release|Any CPU
		{3F595718-A6F7-4681-89D3-BFAE39243809}.Debug|Any CPU.ActiveCfg = Debug|Any CPU
		{3F595718-A6F7-4681-89D3-BFAE39243809}.Debug|Any CPU.Build.0 = Debug|Any CPU
		{3F595718-A6F7-4681-89D3-BFAE39243809}.Release|Any CPU.ActiveCfg = Release|Any CPU
		{3F595718-A6F7-4681-89D3-BFAE39243809}.Release|Any CPU.Build.0 = Release|Any CPU
		{A320F1E6-CB51-43CE-80DF-1B3255BFC1A6}.Debug|Any CPU.ActiveCfg = Debug|Any CPU
		{A320F1E6-CB51-43CE-80DF-1B3255BFC1A6}.Debug|Any CPU.Build.0 = Debug|Any CPU
		{A320F1E6-CB51-43CE-80DF-1B3255BFC1A6}.Release|Any CPU.ActiveCfg = Release|Any CPU
		{A320F1E6-CB51-43CE-80DF-1B3255BFC1A6}.Release|Any CPU.Build.0 = Release|Any CPU
	EndGlobalSection
EndGlobal
